
Microsoft Visual Studio Solution File, Format Version 12.00
# Visual Studio Version 16
VisualStudioVersion = 16.0.31424.327
MinimumVisualStudioVersion = 10.0.40219.1
Project("{FAE04EC0-301F-11D3-BF4B-00C04F79EFBC}") = "aula_6_1", "aula_6_1\aula_6_1.csproj", "{2E7CBAE6-4EFC-4C57-BD02-6D1FEE5F79F9}"
EndProject
Global
	GlobalSection(SolutionConfigurationPlatforms) = preSolution
		Debug|Any CPU = Debug|Any CPU
		Release|Any CPU = Release|Any CPU
	EndGlobalSection
	GlobalSection(ProjectConfigurationPlatforms) = postSolution
		{2E7CBAE6-4EFC-4C57-BD02-6D1FEE5F79F9}.Debug|Any CPU.ActiveCfg = Debug|Any CPU
		{2E7CBAE6-4EFC-4C57-BD02-6D1FEE5F79F9}.Debug|Any CPU.Build.0 = Debug|Any CPU
		{2E7CBAE6-4EFC-4C57-BD02-6D1FEE5F79F9}.Release|Any CPU.ActiveCfg = Release|Any CPU
		{2E7CBAE6-4EFC-4C57-BD02-6D1FEE5F79F9}.Release|Any CPU.Build.0 = Release|Any CPU
	EndGlobalSection
	GlobalSection(SolutionProperties) = preSolution
		HideSolutionNode = FALSE
	EndGlobalSection
	GlobalSection(ExtensibilityGlobals) = postSolution
		SolutionGuid = {B43E6447-AB05-4065-8462-F87FEBBFEDF2}
	EndGlobalSection
EndGlobal
